
Microsoft Visual Studio Solution File, Format Version 12.00
# Visual Studio Version 17
VisualStudioVersion = 17.14.36203.30 d17.14
MinimumVisualStudioVersion = 10.0.40219.1
Project("{FAE04EC0-301F-11D3-BF4B-00C04F79EFBC}") = "BibleVerseFinder", "BibleVerseFinder\BibleVerseFinder.csproj", "{DC1EB1D3-C768-4657-909E-A1DEF9554E35}"
EndProject
Global
	GlobalSection(SolutionConfigurationPlatforms) = preSolution
		Debug|Any CPU = Debug|Any CPU
		Release|Any CPU = Release|Any CPU
	EndGlobalSection
	GlobalSection(ProjectConfigurationPlatforms) = postSolution
		{DC1EB1D3-C768-4657-909E-A1DEF9554E35}.Debug|Any CPU.ActiveCfg = Debug|Any CPU
		{DC1EB1D3-C768-4657-909E-A1DEF9554E35}.Debug|Any CPU.Build.0 = Debug|Any CPU
		{DC1EB1D3-C768-4657-909E-A1DEF9554E35}.Release|Any CPU.ActiveCfg = Release|Any CPU
		{DC1EB1D3-C768-4657-909E-A1DEF9554E35}.Release|Any CPU.Build.0 = Release|Any CPU
	EndGlobalSection
	GlobalSection(SolutionProperties) = preSolution
		HideSolutionNode = FALSE
	EndGlobalSection
	GlobalSection(ExtensibilityGlobals) = postSolution
		SolutionGuid = {EB1EC968-BC23-41FA-BB49-947D17FE1A4C}
	EndGlobalSection
EndGlobal
